
Microsoft Visual Studio Solution File, Format Version 12.00
# Visual Studio Version 17
VisualStudioVersion = 17.3.32825.248
MinimumVisualStudioVersion = 10.0.40219.1
Project("{FAE04EC0-301F-11D3-BF4B-00C04F79EFBC}") = "TrainingDay1_assn2", "TrainingDay1_assn2\TrainingDay1_assn2.csproj", "{4AF10832-FC8F-4F8E-A0CE-9868521DE11C}"
EndProject
Global
	GlobalSection(SolutionConfigurationPlatforms) = preSolution
		Debug|Any CPU = Debug|Any CPU
		Release|Any CPU = Release|Any CPU
	EndGlobalSection
	GlobalSection(ProjectConfigurationPlatforms) = postSolution
		{4AF10832-FC8F-4F8E-A0CE-9868521DE11C}.Debug|Any CPU.ActiveCfg = Debug|Any CPU
		{4AF10832-FC8F-4F8E-A0CE-9868521DE11C}.Debug|Any CPU.Build.0 = Debug|Any CPU
		{4AF10832-FC8F-4F8E-A0CE-9868521DE11C}.Release|Any CPU.ActiveCfg = Release|Any CPU
		{4AF10832-FC8F-4F8E-A0CE-9868521DE11C}.Release|Any CPU.Build.0 = Release|Any CPU
	EndGlobalSection
	GlobalSection(SolutionProperties) = preSolution
		HideSolutionNode = FALSE
	EndGlobalSection
	GlobalSection(ExtensibilityGlobals) = postSolution
		SolutionGuid = {F09E6308-D3C4-4B80-9E0E-72984F5886E2}
	EndGlobalSection
EndGlobal
